// !$*UTF8*$!
{
	archiveVersion = 1;
	classes = {
	};
	objectVersion = 46;
	objects = {

/* Begin PBXBuildFile section */
		F58827DC1BE13FBE002623F9 /* AppDelegate.swift in Sources */ = {isa = PBXBuildFile; fileRef = F58827DB1BE13FBE002623F9 /* AppDelegate.swift */; };
		F58827DE1BE13FBE002623F9 /* ViewController.swift in Sources */ = {isa = PBXBuildFile; fileRef = F58827DD1BE13FBE002623F9 /* ViewController.swift */; };
		F58827E11BE13FBE002623F9 /* Main.storyboard in Resources */ = {isa = PBXBuildFile; fileRef = F58827DF1BE13FBE002623F9 /* Main.storyboard */; };
		F58827E31BE13FBE002623F9 /* Images.xcassets in Resources */ = {isa = PBXBuildFile; fileRef = F58827E21BE13FBE002623F9 /* Images.xcassets */; };
		F58827E61BE13FBE002623F9 /* LaunchScreen.xib in Resources */ = {isa = PBXBuildFile; fileRef = F58827E41BE13FBE002623F9 /* LaunchScreen.xib */; };
		F58827F21BE13FBE002623F9 /* ClimaTests.swift in Sources */ = {isa = PBXBuildFile; fileRef = F58827F11BE13FBE002623F9 /* ClimaTests.swift */; };
/* End PBXBuildFile section */

/* Begin PBXContainerItemProxy section */
		F58827EC1BE13FBE002623F9 /* PBXContainerItemProxy */ = {
			isa = PBXContainerItemProxy;
			containerPortal = F58827CE1BE13FBD002623F9 /* Project object */;
			proxyType = 1;
			remoteGlobalIDString = F58827D51BE13FBD002623F9;
			remoteInfo = Clima;
		};
/* End PBXContainerItemProxy section */

/* Begin PBXFileReference section */
		F58827D61BE13FBE002623F9 /* Clima.app */ = {isa = PBXFileReference; explicitFileType = wrapper.application; includeInIndex = 0; path = Clima.app; sourceTree = BUILT_PRODUCTS_DIR; };
		F58827DA1BE13FBE002623F9 /* Info.plist */ = {isa = PBXFileReference; lastKnownFileType = text.plist.xml; path = Info.plist; sourceTree = "<group>"; };
		F58827DB1BE13FBE002623F9 /* AppDelegate.swift */ = {isa = PBXFileReference; lastKnownFileType = sourcecode.swift; path = AppDelegate.swift; sourceTree = "<group>"; };
		F58827DD1BE13FBE002623F9 /* ViewController.swift */ = {isa = PBXFileReference; lastKnownFileType = sourcecode.swift; path = ViewController.swift; sourceTree = "<group>"; };
		F58827E01BE13FBE002623F9 /* Base */ = {isa = PBXFileReference; lastKnownFileType = file.storyboard; name = Base; path = Base.lproj/Main.storyboard; sourceTree = "<group>"; };
		F58827E21BE13FBE002623F9 /* Images.xcassets */ = {isa = PBXFileReference; lastKnownFileType = folder.assetcatalog; path = Images.xcassets; sourceTree = "<group>"; };
		F58827E51BE13FBE002623F9 /* Base */ = {isa = PBXFileReference; lastKnownFileType = file.xib; name = Base; path = Base.lproj/LaunchScreen.xib; sourceTree = "<group>"; };
		F58827EB1BE13FBE002623F9 /* ClimaTests.xctest */ = {isa = PBXFileReference; explicitFileType = wrapper.cfbundle; includeInIndex = 0; path = ClimaTests.xctest; sourceTree = BUILT_PRODUCTS_DIR; };
		F58827F01BE13FBE002623F9 /* Info.plist */ = {isa = PBXFileReference; lastKnownFileType = text.plist.xml; path = Info.plist; sourceTree = "<group>"; };
		F58827F11BE13FBE002623F9 /* ClimaTests.swift */ = {isa = PBXFileReference; lastKnownFileType = sourcecode.swift; path = ClimaTests.swift; sourceTree = "<group>"; };
/* End PBXFileReference section */

/* Begin PBXFrameworksBuildPhase section */
		F58827D31BE13FBD002623F9 /* Frameworks */ = {
			isa = PBXFrameworksBuildPhase;
			buildActionMask = 2147483647;
			files = (
			);
			runOnlyForDeploymentPostprocessing = 0;
		};
		F58827E81BE13FBE002623F9 /* Frameworks */ = {
			isa = PBXFrameworksBuildPhase;
			buildActionMask = 2147483647;
			files = (
			);
			runOnlyForDeploymentPostprocessing = 0;
		};
/* End PBXFrameworksBuildPhase section */

/* Begin PBXGroup section */
		F58827CD1BE13FBD002623F9 = {
			isa = PBXGroup;
			children = (
				F58827D81BE13FBE002623F9 /* Clima */,
				F58827EE1BE13FBE002623F9 /* ClimaTests */,
				F58827D71BE13FBE002623F9 /* Products */,
			);
			sourceTree = "<group>";
		};
		F58827D71BE13FBE002623F9 /* Products */ = {
			isa = PBXGroup;
			children = (
				F58827D61BE13FBE002623F9 /* Clima.app */,
				F58827EB1BE13FBE002623F9 /* ClimaTests.xctest */,
			);
			name = Products;
			sourceTree = "<group>";
		};
		F58827D81BE13FBE002623F9 /* Clima */ = {
			isa = PBXGroup;
			children = (
				F58827DB1BE13FBE002623F9 /* AppDelegate.swift */,
				F58827DD1BE13FBE002623F9 /* ViewController.swift */,
				F58827DF1BE13FBE002623F9 /* Main.storyboard */,
				F58827E21BE13FBE002623F9 /* Images.xcassets */,
				F58827E41BE13FBE002623F9 /* LaunchScreen.xib */,
				F58827D91BE13FBE002623F9 /* Supporting Files */,
			);
			path = Clima;
			sourceTree = "<group>";
		};
		F58827D91BE13FBE002623F9 /* Supporting Files */ = {
			isa = PBXGroup;
			children = (
				F58827DA1BE13FBE002623F9 /* Info.plist */,
			);
			name = "Supporting Files";
			sourceTree = "<group>";
		};
		F58827EE1BE13FBE002623F9 /* ClimaTests */ = {
			isa = PBXGroup;
			children = (
				F58827F11BE13FBE002623F9 /* ClimaTests.swift */,
				F58827EF1BE13FBE002623F9 /* Supporting Files */,
			);
			path = ClimaTests;
			sourceTree = "<group>";
		};
		F58827EF1BE13FBE002623F9 /* Supporting Files */ = {
			isa = PBXGroup;
			children = (
				F58827F01BE13FBE002623F9 /* Info.plist */,
			);
			name = "Supporting Files";
			sourceTree = "<group>";
		};
/* End PBXGroup section */

/* Begin PBXNativeTarget section */
		F58827D51BE13FBD002623F9 /* Clima */ = {
			isa = PBXNativeTarget;
			buildConfigurationList = F58827F51BE13FBE002623F9 /* Build configuration list for PBXNativeTarget "Clima" */;
			buildPhases = (
				F58827D21BE13FBD002623F9 /* Sources */,
				F58827D31BE13FBD002623F9 /* Frameworks */,
				F58827D41BE13FBD002623F9 /* Resources */,
			);
			buildRules = (
			);
			dependencies = (
			);
			name = Clima;
			productName = Clima;
			productReference = F58827D61BE13FBE002623F9 /* Clima.app */;
			productType = "com.apple.product-type.application";
		};
		F58827EA1BE13FBE002623F9 /* ClimaTests */ = {
			isa = PBXNativeTarget;
			buildConfigurationList = F58827F81BE13FBE002623F9 /* Build configuration list for PBXNativeTarget "ClimaTests" */;
			buildPhases = (
				F58827E71BE13FBE002623F9 /* Sources */,
				F58827E81BE13FBE002623F9 /* Frameworks */,
				F58827E91BE13FBE002623F9 /* Resources */,
			);
			buildRules = (
			);
			dependencies = (
				F58827ED1BE13FBE002623F9 /* PBXTargetDependency */,
			);
			name = ClimaTests;
			productName = ClimaTests;
			productReference = F58827EB1BE13FBE002623F9 /* ClimaTests.xctest */;
			productType = "com.apple.product-type.bundle.unit-test";
		};
/* End PBXNativeTarget section */

/* Begin PBXProject section */
		F58827CE1BE13FBD002623F9 /* Project object */ = {
			isa = PBXProject;
			attributes = {
				LastUpgradeCheck = 0640;
				ORGANIZATIONNAME = Nylon;
				TargetAttributes = {
					F58827D51BE13FBD002623F9 = {
						CreatedOnToolsVersion = 6.4;
					};
					F58827EA1BE13FBE002623F9 = {
						CreatedOnToolsVersion = 6.4;
						TestTargetID = F58827D51BE13FBD002623F9;
					};
				};
			};
			buildConfigurationList = F58827D11BE13FBD002623F9 /* Build configuration list for PBXProject "Clima" */;
			compatibilityVersion = "Xcode 3.2";
			developmentRegion = English;
			hasScannedForEncodings = 0;
			knownRegions = (
				en,
				Base,
			);
			mainGroup = F58827CD1BE13FBD002623F9;
			productRefGroup = F58827D71BE13FBE002623F9 /* Products */;
			projectDirPath = "";
			projectRoot = "";
			targets = (
				F58827D51BE13FBD002623F9 /* Clima */,
				F58827EA1BE13FBE002623F9 /* ClimaTests */,
			);
		};
/* End PBXProject section */

/* Begin PBXResourcesBuildPhase section */
		F58827D41BE13FBD002623F9 /* Resources */ = {
			isa = PBXResourcesBuildPhase;
			buildActionMask = 2147483647;
			files = (
				F58827E11BE13FBE002623F9 /* Main.storyboard in Resources */,
				F58827E61BE13FBE002623F9 /* LaunchScreen.xib in Resources */,
				F58827E31BE13FBE002623F9 /* Images.xcassets in Resources */,
			);
			runOnlyForDeploymentPostprocessing = 0;
		};
		F58827E91BE13FBE002623F9 /* Resources */ = {
			isa = PBXResourcesBuildPhase;
			buildActionMask = 2147483647;
			files = (
			);
			runOnlyForDeploymentPostprocessing = 0;
		};
/* End PBXResourcesBuildPhase section */

/* Begin PBXSourcesBuildPhase section */
		F58827D21BE13FBD002623F9 /* Sources */ = {
			isa = PBXSourcesBuildPhase;
			buildActionMask = 2147483647;
			files = (
				F58827DE1BE13FBE002623F9 /* ViewController.swift in Sources */,
				F58827DC1BE13FBE002623F9 /* AppDelegate.swift in Sources */,
			);
			runOnlyForDeploymentPostprocessing = 0;
		};
		F58827E71BE13FBE002623F9 /* Sources */ = {
			isa = PBXSourcesBuildPhase;
			buildActionMask = 2147483647;
			files = (
				F58827F21BE13FBE002623F9 /* ClimaTests.swift in Sources */,
			);
			runOnlyForDeploymentPostprocessing = 0;
		};
/* End PBXSourcesBuildPhase section */

/* Begin PBXTargetDependency section */
		F58827ED1BE13FBE002623F9 /* PBXTargetDependency */ = {
			isa = PBXTargetDependency;
			target = F58827D51BE13FBD002623F9 /* Clima */;
			targetProxy = F58827EC1BE13FBE002623F9 /* PBXContainerItemProxy */;
		};
/* End PBXTargetDependency section */

/* Begin PBXVariantGroup section */
		F58827DF1BE13FBE002623F9 /* Main.storyboard */ = {
			isa = PBXVariantGroup;
			children = (
				F58827E01BE13FBE002623F9 /* Base */,
			);
			name = Main.storyboard;
			sourceTree = "<group>";
		};
		F58827E41BE13FBE002623F9 /* LaunchScreen.xib */ = {
			isa = PBXVariantGroup;
			children = (
				F58827E51BE13FBE002623F9 /* Base */,
			);
			name = LaunchScreen.xib;
			sourceTree = "<group>";
		};
/* End PBXVariantGroup section */

/* Begin XCBuildConfiguration section */
		F58827F31BE13FBE002623F9 /* Debug */ = {
			isa = XCBuildConfiguration;
			buildSettings = {
				ALWAYS_SEARCH_USER_PATHS = NO;
				CLANG_CXX_LANGUAGE_STANDARD = "gnu++0x";
				CLANG_CXX_LIBRARY = "libc++";
				CLANG_ENABLE_MODULES = YES;
				CLANG_ENABLE_OBJC_ARC = YES;
				CLANG_WARN_BOOL_CONVERSION = YES;
				CLANG_WARN_CONSTANT_CONVERSION = YES;
				CLANG_WARN_DIRECT_OBJC_ISA_USAGE = YES_ERROR;
				CLANG_WARN_EMPTY_BODY = YES;
				CLANG_WARN_ENUM_CONVERSION = YES;
				CLANG_WARN_INT_CONVERSION = YES;
				CLANG_WARN_OBJC_ROOT_CLASS = YES_ERROR;
				CLANG_WARN_UNREACHABLE_CODE = YES;
				CLANG_WARN__DUPLICATE_METHOD_MATCH = YES;
				"CODE_SIGN_IDENTITY[sdk=iphoneos*]" = "iPhone Developer";
				COPY_PHASE_STRIP = NO;
				DEBUG_INFORMATION_FORMAT = "dwarf-with-dsym";
				ENABLE_STRICT_OBJC_MSGSEND = YES;
				GCC_C_LANGUAGE_STANDARD = gnu99;
				GCC_DYNAMIC_NO_PIC = NO;
				GCC_NO_COMMON_BLOCKS = YES;
				GCC_OPTIMIZATION_LEVEL = 0;
				GCC_PREPROCESSOR_DEFINITIONS = (
					"DEBUG=1",
					"$(inherited)",
				);
				GCC_SYMBOLS_PRIVATE_EXTERN = NO;
				GCC_WARN_64_TO_32_BIT_CONVERSION = YES;
				GCC_WARN_ABOUT_RETURN_TYPE = YES_ERROR;
				GCC_WARN_UNDECLARED_SELECTOR = YES;
				GCC_WARN_UNINITIALIZED_AUTOS = YES_AGGRESSIVE;
				GCC_WARN_UNUSED_FUNCTION = YES;
				GCC_WARN_UNUSED_VARIABLE = YES;
				IPHONEOS_DEPLOYMENT_TARGET = 8.4;
				MTL_ENABLE_DEBUG_INFO = YES;
				ONLY_ACTIVE_ARCH = YES;
				SDKROOT = iphoneos;
				SWIFT_OPTIMIZATION_LEVEL = "-Onone";
				TARGETED_DEVICE_FAMILY = "1,2";
			};
			name = Debug;
		};
		F58827F41BE13FBE002623F9 /* Release */ = {
			isa = XCBuildConfiguration;
			buildSettings = {
				ALWAYS_SEARCH_USER_PATHS = NO;
				CLANG_CXX_LANGUAGE_STANDARD = "gnu++0x";
				CLANG_CXX_LIBRARY = "libc++";
				CLANG_ENABLE_MODULES = YES;
				CLANG_ENABLE_OBJC_ARC = YES;
				CLANG_WARN_BOOL_CONVERSION = YES;
				CLANG_WARN_CONSTANT_CONVERSION = YES;
				CLANG_WARN_DIRECT_OBJC_ISA_USAGE = YES_ERROR;
				CLANG_WARN_EMPTY_BODY = YES;
				CLANG_WARN_ENUM_CONVERSION = YES;
				CLANG_WARN_INT_CONVERSION = YES;
				CLANG_WARN_OBJC_ROOT_CLASS = YES_ERROR;
				CLANG_WARN_UNREACHABLE_CODE = YES;
				CLANG_WARN__DUPLICATE_METHOD_MATCH = YES;
				"CODE_SIGN_IDENTITY[sdk=iphoneos*]" = "iPhone Developer";
				COPY_PHASE_STRIP = NO;
				DEBUG_INFORMATION_FORMAT = "dwarf-with-dsym";
				ENABLE_NS_ASSERTIONS = NO;
				ENABLE_STRICT_OBJC_MSGSEND = YES;
				GCC_C_LANGUAGE_STANDARD = gnu99;
				GCC_NO_COMMON_BLOCKS = YES;
				GCC_WARN_64_TO_32_BIT_CONVERSION = YES;
				GCC_WARN_ABOUT_RETURN_TYPE = YES_ERROR;
				GCC_WARN_UNDECLARED_SELECTOR = YES;
				GCC_WARN_UNINITIALIZED_AUTOS = YES_AGGRESSIVE;
				GCC_WARN_UNUSED_FUNCTION = YES;
				GCC_WARN_UNUSED_VARIABLE = YES;
				IPHONEOS_DEPLOYMENT_TARGET = 8.4;
				MTL_ENABLE_DEBUG_INFO = NO;
				SDKROOT = iphoneos;
				TARGETED_DEVICE_FAMILY = "1,2";
				VALIDATE_PRODUCT = YES;
			};
			name = Release;
		};
		F58827F61BE13FBE002623F9 /* Debug */ = {
			isa = XCBuildConfiguration;
			buildSettings = {
				ASSETCATALOG_COMPILER_APPICON_NAME = AppIcon;
				INFOPLIST_FILE = Clima/Info.plist;
				LD_RUNPATH_SEARCH_PATHS = "$(inherited) @executable_path/Frameworks";
				PRODUCT_NAME = "$(TARGET_NAME)";
			};
			name = Debug;
		};
		F58827F71BE13FBE002623F9 /* Release */ = {
			isa = XCBuildConfiguration;
			buildSettings = {
				ASSETCATALOG_COMPILER_APPICON_NAME = AppIcon;
				INFOPLIST_FILE = Clima/Info.plist;
				LD_RUNPATH_SEARCH_PATHS = "$(inherited) @executable_path/Frameworks";
				PRODUCT_NAME = "$(TARGET_NAME)";
			};
			name = Release;
		};
		F58827F91BE13FBE002623F9 /* Debug */ = {
			isa = XCBuildConfiguration;
			buildSettings = {
				BUNDLE_LOADER = "$(TEST_HOST)";
				FRAMEWORK_SEARCH_PATHS = (
					"$(SDKROOT)/Developer/Library/Frameworks",
					"$(inherited)",
				);
				GCC_PREPROCESSOR_DEFINITIONS = (
					"DEBUG=1",
					"$(inherited)",
				);
				INFOPLIST_FILE = ClimaTests/Info.plist;
				LD_RUNPATH_SEARCH_PATHS = "$(inherited) @executable_path/Frameworks @loader_path/Frameworks";
				PRODUCT_NAME = "$(TARGET_NAME)";
				TEST_HOST = "$(BUILT_PRODUCTS_DIR)/Clima.app/Clima";
			};
			name = Debug;
		};
		F58827FA1BE13FBE002623F9 /* Release */ = {
			isa = XCBuildConfiguration;
			buildSettings = {
				BUNDLE_LOADER = "$(TEST_HOST)";
				FRAMEWORK_SEARCH_PATHS = (
					"$(SDKROOT)/Developer/Library/Frameworks",
					"$(inherited)",
				);
				INFOPLIST_FILE = ClimaTests/Info.plist;
				LD_RUNPATH_SEARCH_PATHS = "$(inherited) @executable_path/Frameworks @loader_path/Frameworks";
				PRODUCT_NAME = "$(TARGET_NAME)";
				TEST_HOST = "$(BUILT_PRODUCTS_DIR)/Clima.app/Clima";
			};
			name = Release;
		};
/* End XCBuildConfiguration section */

/* Begin XCConfigurationList section */
		F58827D11BE13FBD002623F9 /* Build configuration list for PBXProject "Clima" */ = {
			isa = XCConfigurationList;
			buildConfigurations = (
				F58827F31BE13FBE002623F9 /* Debug */,
				F58827F41BE13FBE002623F9 /* Release */,
			);
			defaultConfigurationIsVisible = 0;
			defaultConfigurationName = Release;
		};
		F58827F51BE13FBE002623F9 /* Build configuration list for PBXNativeTarget "Clima" */ = {
			isa = XCConfigurationList;
			buildConfigurations = (
				F58827F61BE13FBE002623F9 /* Debug */,
				F58827F71BE13FBE002623F9 /* Release */,
			);
			defaultConfigurationIsVisible = 0;
		};
		F58827F81BE13FBE002623F9 /* Build configuration list for PBXNativeTarget "ClimaTests" */ = {
			isa = XCConfigurationList;
			buildConfigurations = (
				F58827F91BE13FBE002623F9 /* Debug */,
				F58827FA1BE13FBE002623F9 /* Release */,
			);
			defaultConfigurationIsVisible = 0;
		};
/* End XCConfigurationList section */
	};
	rootObject = F58827CE1BE13FBD002623F9 /* Project object */;
}
